PODS:
  - FlagPhoneNumber (0.8.0):
    - FlagPhoneNumber/libPhoneNumberiOS (= 0.8.0)
  - FlagPhoneNumber/libPhoneNumberiOS (0.8.0)

DEPENDENCIES:
  - FlagPhoneNumber

SPEC REPOS:
  trunk:
    - FlagPhoneNumber

SPEC CHECKSUMS:
  FlagPhoneNumber: 3712455b95f66cb0f2016fef7d9e34cddf8c7f9a

PODFILE CHECKSUM: dbabc05c7075dd76b250bb72ef5301ee7138f267

COCOAPODS: 1.11.3
